
Microsoft Visual Studio Solution File, Format Version 12.00
# Visual Studio Version 17
VisualStudioVersion = 17.9.34723.18
MinimumVisualStudioVersion = 10.0.40219.1
Project("{FAE04EC0-301F-11D3-BF4B-00C04F79EFBC}") = "Prog120_S24_L13_Classes2_Arrays", "Prog120_S24_L13_Classes2_Arrays.csproj", "{D472581B-DA2E-4DEF-8D80-CFB36A1E505C}"
EndProject
Global
	GlobalSection(SolutionConfigurationPlatforms) = preSolution
		Debug|Any CPU = Debug|Any CPU
		Release|Any CPU = Release|Any CPU
	EndGlobalSection
	GlobalSection(ProjectConfigurationPlatforms) = postSolution
		{D472581B-DA2E-4DEF-8D80-CFB36A1E505C}.Debug|Any CPU.ActiveCfg = Debug|Any CPU
		{D472581B-DA2E-4DEF-8D80-CFB36A1E505C}.Debug|Any CPU.Build.0 = Debug|Any CPU
		{D472581B-DA2E-4DEF-8D80-CFB36A1E505C}.Release|Any CPU.ActiveCfg = Release|Any CPU
		{D472581B-DA2E-4DEF-8D80-CFB36A1E505C}.Release|Any CPU.Build.0 = Release|Any CPU
	EndGlobalSection
	GlobalSection(SolutionProperties) = preSolution
		HideSolutionNode = FALSE
	EndGlobalSection
	GlobalSection(ExtensibilityGlobals) = postSolution
		SolutionGuid = {BB235A3B-D142-4CC5-ADDC-99F58301B09C}
	EndGlobalSection
EndGlobal
